
Microsoft Visual Studio Solution File, Format Version 12.00
# Visual Studio Version 16
VisualStudioVersion = 16.0.31911.196
MinimumVisualStudioVersion = 10.0.40219.1
Project("{FAE04EC0-301F-11D3-BF4B-00C04F79EFBC}") = "eTickets", "eTickets\eTickets.csproj", "{8581C3D2-E7E2-4616-ABEE-175B2359740B}"
EndProject
Global
	GlobalSection(SolutionConfigurationPlatforms) = preSolution
		Debug|Any CPU = Debug|Any CPU
		Release|Any CPU = Release|Any CPU
	EndGlobalSection
	GlobalSection(ProjectConfigurationPlatforms) = postSolution
		{8581C3D2-E7E2-4616-ABEE-175B2359740B}.Debug|Any CPU.ActiveCfg = Debug|Any CPU
		{8581C3D2-E7E2-4616-ABEE-175B2359740B}.Debug|Any CPU.Build.0 = Debug|Any CPU
		{8581C3D2-E7E2-4616-ABEE-175B2359740B}.Release|Any CPU.ActiveCfg = Release|Any CPU
		{8581C3D2-E7E2-4616-ABEE-175B2359740B}.Release|Any CPU.Build.0 = Release|Any CPU
	EndGlobalSection
	GlobalSection(SolutionProperties) = preSolution
		HideSolutionNode = FALSE
	EndGlobalSection
	GlobalSection(ExtensibilityGlobals) = postSolution
		SolutionGuid = {3F9BC0A1-F994-4D0D-B6BE-7BF432F40BED}
	EndGlobalSection
EndGlobal
